
Microsoft Visual Studio Solution File, Format Version 12.00
# Visual Studio Version 17
VisualStudioVersion = 17.5.002.0
MinimumVisualStudioVersion = 10.0.40219.1
Project("{9A19103F-16F7-4668-BE54-9A1E7A4F7556}") = "Clavier Jap", "Clavier Jap.csproj", "{91A2774D-15DA-486D-9CFA-5A9FF0586DF1}"
EndProject
Global
	GlobalSection(SolutionConfigurationPlatforms) = preSolution
		Debug|Any CPU = Debug|Any CPU
		Release|Any CPU = Release|Any CPU
	EndGlobalSection
	GlobalSection(ProjectConfigurationPlatforms) = postSolution
		{91A2774D-15DA-486D-9CFA-5A9FF0586DF1}.Debug|Any CPU.ActiveCfg = Debug|Any CPU
		{91A2774D-15DA-486D-9CFA-5A9FF0586DF1}.Debug|Any CPU.Build.0 = Debug|Any CPU
		{91A2774D-15DA-486D-9CFA-5A9FF0586DF1}.Release|Any CPU.ActiveCfg = Release|Any CPU
		{91A2774D-15DA-486D-9CFA-5A9FF0586DF1}.Release|Any CPU.Build.0 = Release|Any CPU
	EndGlobalSection
	GlobalSection(SolutionProperties) = preSolution
		HideSolutionNode = FALSE
	EndGlobalSection
	GlobalSection(ExtensibilityGlobals) = postSolution
		SolutionGuid = {DFFA3D1E-B3CD-4868-B7F7-573572589D87}
	EndGlobalSection
EndGlobal
